{
  "requires": true,
  "lockfileVersion": 1,
  "dependencies": {
    "openzeppelin-eth": {
      "version": "2.1.3",
      "resolved": "https://registry.npmjs.org/openzeppelin-eth/-/openzeppelin-eth-2.1.3.tgz",
      "integrity": "sha512-k1Yv3V7u369ERXV0xf+ru3TH+ZopFYY0E1M+4O32Q+0b4XLm2acVBaUvbuuqYMkUjKhSfu8HuPpXL7OWMEJWRw=="
    }
  }
}
